
Microsoft Visual Studio Solution File, Format Version 12.00
# Visual Studio Version 17
VisualStudioVersion = 17.11.35222.181
MinimumVisualStudioVersion = 10.0.40219.1
Project("{8BC9CEB8-8B4A-11D0-8D11-00A0C91BC942}") = "CppClassTopics", "CppClassTopics.vcxproj", "{736D8916-E74C-4F2A-8CF9-DF24343D78A6}"
EndProject
Global
	GlobalSection(SolutionConfigurationPlatforms) = preSolution
		Debug|x64 = Debug|x64
		Debug|x86 = Debug|x86
		Release|x64 = Release|x64
		Release|x86 = Release|x86
	EndGlobalSection
	GlobalSection(ProjectConfigurationPlatforms) = postSolution
		{736D8916-E74C-4F2A-8CF9-DF24343D78A6}.Debug|x64.ActiveCfg = Debug|x64
		{736D8916-E74C-4F2A-8CF9-DF24343D78A6}.Debug|x64.Build.0 = Debug|x64
		{736D8916-E74C-4F2A-8CF9-DF24343D78A6}.Debug|x86.ActiveCfg = Debug|Win32
		{736D8916-E74C-4F2A-8CF9-DF24343D78A6}.Debug|x86.Build.0 = Debug|Win32
		{736D8916-E74C-4F2A-8CF9-DF24343D78A6}.Release|x64.ActiveCfg = Release|x64
		{736D8916-E74C-4F2A-8CF9-DF24343D78A6}.Release|x64.Build.0 = Release|x64
		{736D8916-E74C-4F2A-8CF9-DF24343D78A6}.Release|x86.ActiveCfg = Release|Win32
		{736D8916-E74C-4F2A-8CF9-DF24343D78A6}.Release|x86.Build.0 = Release|Win32
	EndGlobalSection
	GlobalSection(SolutionProperties) = preSolution
		HideSolutionNode = FALSE
	EndGlobalSection
	GlobalSection(ExtensibilityGlobals) = postSolution
		SolutionGuid = {8A0BCD26-2B23-440D-9E04-FEDE43BF504B}
	EndGlobalSection
EndGlobal
